
Microsoft Visual Studio Solution File, Format Version 12.00
# Visual Studio 15
VisualStudioVersion = 15.0.27428.2043
MinimumVisualStudioVersion = 10.0.40219.1
Project("{FAE04EC0-301F-11D3-BF4B-00C04F79EFBC}") = "CH_CAR_PFM", "CH_CAR_PFM\CH_CAR_PFM.csproj", "{5E86DEEF-5F89-4A9B-BCC4-4DC17AD53B28}"
EndProject
Global
	GlobalSection(SolutionConfigurationPlatforms) = preSolution
		Debug|Any CPU = Debug|Any CPU
		Release|Any CPU = Release|Any CPU
	EndGlobalSection
	GlobalSection(ProjectConfigurationPlatforms) = postSolution
		{5E86DEEF-5F89-4A9B-BCC4-4DC17AD53B28}.Debug|Any CPU.ActiveCfg = Debug|Any CPU
		{5E86DEEF-5F89-4A9B-BCC4-4DC17AD53B28}.Debug|Any CPU.Build.0 = Debug|Any CPU
		{5E86DEEF-5F89-4A9B-BCC4-4DC17AD53B28}.Release|Any CPU.ActiveCfg = Release|Any CPU
		{5E86DEEF-5F89-4A9B-BCC4-4DC17AD53B28}.Release|Any CPU.Build.0 = Release|Any CPU
	EndGlobalSection
	GlobalSection(SolutionProperties) = preSolution
		HideSolutionNode = FALSE
	EndGlobalSection
	GlobalSection(ExtensibilityGlobals) = postSolution
		SolutionGuid = {C1AAA722-2416-4241-80C1-72A0E5A9C05A}
	EndGlobalSection
	GlobalSection(TeamFoundationVersionControl) = preSolution
		SccNumberOfProjects = 2
		SccEnterpriseProvider = {4CA58AB2-18FA-4F8D-95D4-32DDF27D184C}
		SccTeamFoundationServer = http://cfctfs02.clg01.chailease.com.tw:8080/tfs/chailease
		SccLocalPath0 = .
		SccProjectUniqueName1 = CH_CAR_PFM\\CH_CAR_PFM.csproj
		SccProjectName1 = CH_CAR_PFM
		SccLocalPath1 = CH_CAR_PFM
	EndGlobalSection
EndGlobal
